<?xml version="1.0" encoding="utf-8"?>
<Project ToolsVersion="4.0" xmlns="http://schemas.microsoft.com/developer/msbuild/2003">
  <ItemGroup>
    <Filter Include="源文件">
      <UniqueIdentifier>{4FC737F1-C7A5-4376-A066-2A32D752A2FF}</UniqueIdentifier>
      <Extensions>cpp;c;cc;cxx;c++;cppm;ixx;def;odl;idl;hpj;bat;asm;asmx</Extensions>
    </Filter>
    <Filter Include="头文件">
      <UniqueIdentifier>{93995380-89BD-4b04-88EB-625FBE52EBFB}</UniqueIdentifier>
      <Extensions>h;hh;hpp;hxx;h++;hm;inl;inc;ipp;xsd</Extensions>
    </Filter>
    <Filter Include="资源文件">
      <UniqueIdentifier>{67DA6AB6-F800-4c08-8B7A-83BB121AAD01}</UniqueIdentifier>
      <Extensions>rc;ico;cur;bmp;dlg;rc2;rct;bin;rgs;gif;jpg;jpeg;jpe;resx;tiff;tif;png;wav;mfcribbon-ms</Extensions>
    </Filter>
  </ItemGroup>
  <ItemGroup>
    <ClCompile Include="main.cpp">
      <Filter>源文件</Filter>
    </ClCompile>
    <ClCompile Include="gamescene.cpp">
      <Filter>源文件</Filter>
    </ClCompile>
    <ClCompile Include="audio.cpp">
      <Filter>源文件</Filter>
    </ClCompile>
    <ClCompile Include="image.cpp">
      <Filter>源文件</Filter>
    </ClCompile>
    <ClCompile Include="camera.cpp">
      <Filter>源文件</Filter>
    </ClCompile>
    <ClCompile Include="event.cpp">
      <Filter>源文件</Filter>
    </ClCompile>
    <ClCompile Include="level.cpp">
      <Filter>源文件</Filter>
    </ClCompile>
    <ClCompile Include="entity.cpp">
      <Filter>源文件</Filter>
    </ClCompile>
    <ClCompile Include="mario.cpp">
      <Filter>源文件</Filter>
    </ClCompile>
    <ClCompile Include="vector.cpp">
      <Filter>源文件</Filter>
    </ClCompile>
    <ClCompile Include="wall.cpp">
      <Filter>源文件</Filter>
    </ClCompile>
    <ClCompile Include="collisionbox.cpp">
      <Filter>源文件</Filter>
    </ClCompile>
    <ClCompile Include="check.cpp">
      <Filter>源文件</Filter>
    </ClCompile>
    <ClCompile Include="block.cpp">
      <Filter>源文件</Filter>
    </ClCompile>
    <ClCompile Include="particle.cpp">
      <Filter>源文件</Filter>
    </ClCompile>
    <ClCompile Include="prop.cpp">
      <Filter>源文件</Filter>
    </ClCompile>
    <ClCompile Include="fireball.cpp">
      <Filter>源文件</Filter>
    </ClCompile>
    <ClCompile Include="monster.cpp">
      <Filter>源文件</Filter>
    </ClCompile>
    <ClCompile Include="pipe.cpp">
      <Filter>源文件</Filter>
    </ClCompile>
    <ClCompile Include="flag.cpp">
      <Filter>源文件</Filter>
    </ClCompile>
    <ClCompile Include="platform.cpp">
      <Filter>源文件</Filter>
    </ClCompile>
  </ItemGroup>
  <ItemGroup>
    <ClInclude Include="gamescene.h">
      <Filter>头文件</Filter>
    </ClInclude>
    <ClInclude Include="audio.h">
      <Filter>头文件</Filter>
    </ClInclude>
    <ClInclude Include="image.h">
      <Filter>头文件</Filter>
    </ClInclude>
    <ClInclude Include="camera.h">
      <Filter>头文件</Filter>
    </ClInclude>
    <ClInclude Include="entity.h">
      <Filter>头文件</Filter>
    </ClInclude>
    <ClInclude Include="event.h">
      <Filter>头文件</Filter>
    </ClInclude>
    <ClInclude Include="level.h">
      <Filter>头文件</Filter>
    </ClInclude>
    <ClInclude Include="mario.h">
      <Filter>头文件</Filter>
    </ClInclude>
    <ClInclude Include="wall.h">
      <Filter>头文件</Filter>
    </ClInclude>
    <ClInclude Include="block.h">
      <Filter>头文件</Filter>
    </ClInclude>
    <ClInclude Include="vector.h">
      <Filter>头文件</Filter>
    </ClInclude>
    <ClInclude Include="collisionbox.h">
      <Filter>头文件</Filter>
    </ClInclude>
    <ClInclude Include="check.h">
      <Filter>头文件</Filter>
    </ClInclude>
    <ClInclude Include="particle.h">
      <Filter>头文件</Filter>
    </ClInclude>
    <ClInclude Include="prop.h">
      <Filter>头文件</Filter>
    </ClInclude>
    <ClInclude Include="fireball.h">
      <Filter>头文件</Filter>
    </ClInclude>
    <ClInclude Include="monster.h">
      <Filter>头文件</Filter>
    </ClInclude>
    <ClInclude Include="pipe.h">
      <Filter>头文件</Filter>
    </ClInclude>
    <ClInclude Include="flag.h">
      <Filter>头文件</Filter>
    </ClInclude>
    <ClInclude Include="platform.h">
      <Filter>头文件</Filter>
    </ClInclude>
    <ClInclude Include="resource.h">
      <Filter>头文件</Filter>
    </ClInclude>
  </ItemGroup>
  <ItemGroup>
    <ResourceCompile Include="Resource.rc">
      <Filter>资源文件</Filter>
    </ResourceCompile>
  </ItemGroup>
  <ItemGroup>
    <Image Include="icon1.ico">
      <Filter>资源文件</Filter>
    </Image>
    <Image Include="icon2.ico">
      <Filter>资源文件</Filter>
    </Image>
    <Image Include="logo.ico">
      <Filter>资源文件</Filter>
    </Image>
  </ItemGroup>
</Project>